
Microsoft Visual Studio Solution File, Format Version 12.00
# Visual Studio 15
VisualStudioVersion = 15.0.28307.168
MinimumVisualStudioVersion = 10.0.40219.1
Project("{FAE04EC0-301F-11D3-BF4B-00C04F79EFBC}") = "select_many", "select_many\select_many.csproj", "{F13AE2CC-86EF-453B-BB44-27CE1AF34453}"
EndProject
Global
	GlobalSection(SolutionConfigurationPlatforms) = preSolution
		Debug|Any CPU = Debug|Any CPU
		Release|Any CPU = Release|Any CPU
	EndGlobalSection
	GlobalSection(ProjectConfigurationPlatforms) = postSolution
		{F13AE2CC-86EF-453B-BB44-27CE1AF34453}.Debug|Any CPU.ActiveCfg = Debug|Any CPU
		{F13AE2CC-86EF-453B-BB44-27CE1AF34453}.Debug|Any CPU.Build.0 = Debug|Any CPU
		{F13AE2CC-86EF-453B-BB44-27CE1AF34453}.Release|Any CPU.ActiveCfg = Release|Any CPU
		{F13AE2CC-86EF-453B-BB44-27CE1AF34453}.Release|Any CPU.Build.0 = Release|Any CPU
	EndGlobalSection
	GlobalSection(SolutionProperties) = preSolution
		HideSolutionNode = FALSE
	EndGlobalSection
	GlobalSection(ExtensibilityGlobals) = postSolution
		SolutionGuid = {68471320-EFB1-4162-B42A-6C0F7EE0B5DD}
	EndGlobalSection
EndGlobal
